
Microsoft Visual Studio Solution File, Format Version 12.00
# Visual Studio Version 16
VisualStudioVersion = 16.0.30804.86
MinimumVisualStudioVersion = 10.0.40219.1
Project("{FAE04EC0-301F-11D3-BF4B-00C04F79EFBC}") = "WebApiSampleApp", "WebApiSampleApp.csproj", "{09CD671E-7902-4EEB-A9BD-A32117C8F87F}"
EndProject
Global
	GlobalSection(SolutionConfigurationPlatforms) = preSolution
		Debug|Any CPU = Debug|Any CPU
		Release|Any CPU = Release|Any CPU
	EndGlobalSection
	GlobalSection(ProjectConfigurationPlatforms) = postSolution
		{09CD671E-7902-4EEB-A9BD-A32117C8F87F}.Debug|Any CPU.ActiveCfg = Debug|Any CPU
		{09CD671E-7902-4EEB-A9BD-A32117C8F87F}.Debug|Any CPU.Build.0 = Debug|Any CPU
		{09CD671E-7902-4EEB-A9BD-A32117C8F87F}.Release|Any CPU.ActiveCfg = Release|Any CPU
		{09CD671E-7902-4EEB-A9BD-A32117C8F87F}.Release|Any CPU.Build.0 = Release|Any CPU
	EndGlobalSection
	GlobalSection(SolutionProperties) = preSolution
		HideSolutionNode = FALSE
	EndGlobalSection
	GlobalSection(ExtensibilityGlobals) = postSolution
		SolutionGuid = {D9F7041C-D454-4DEE-AFA9-03295761A09F}
	EndGlobalSection
EndGlobal
